
Microsoft Visual Studio Solution File, Format Version 12.00
# Visual Studio Version 17
VisualStudioVersion = 17.4.33213.308
MinimumVisualStudioVersion = 10.0.40219.1
Project("{FAE04EC0-301F-11D3-BF4B-00C04F79EFBC}") = "OMS_EF", "OMS_EF\OMS_EF.csproj", "{AEDC8668-7DED-4686-BB45-48C3041A9357}"
EndProject
Global
	GlobalSection(SolutionConfigurationPlatforms) = preSolution
		Debug|Any CPU = Debug|Any CPU
		Release|Any CPU = Release|Any CPU
	EndGlobalSection
	GlobalSection(ProjectConfigurationPlatforms) = postSolution
		{AEDC8668-7DED-4686-BB45-48C3041A9357}.Debug|Any CPU.ActiveCfg = Debug|Any CPU
		{AEDC8668-7DED-4686-BB45-48C3041A9357}.Debug|Any CPU.Build.0 = Debug|Any CPU
		{AEDC8668-7DED-4686-BB45-48C3041A9357}.Release|Any CPU.ActiveCfg = Release|Any CPU
		{AEDC8668-7DED-4686-BB45-48C3041A9357}.Release|Any CPU.Build.0 = Release|Any CPU
	EndGlobalSection
	GlobalSection(SolutionProperties) = preSolution
		HideSolutionNode = FALSE
	EndGlobalSection
	GlobalSection(ExtensibilityGlobals) = postSolution
		SolutionGuid = {2C8F86E2-B566-4448-AFC8-2B96AED054F6}
	EndGlobalSection
EndGlobal
